
Microsoft Visual Studio Solution File, Format Version 12.00
# Visual Studio Version 17
VisualStudioVersion = 17.2.32929.388
MinimumVisualStudioVersion = 10.0.40219.1
Project("{FAE04EC0-301F-11D3-BF4B-00C04F79EFBC}") = "HW1_2", "HW1_2\HW1_2.csproj", "{1D4BC6DD-4A50-40E4-9F4D-E81902D6E88D}"
EndProject
Global
	GlobalSection(SolutionConfigurationPlatforms) = preSolution
		Debug|Any CPU = Debug|Any CPU
		Release|Any CPU = Release|Any CPU
	EndGlobalSection
	GlobalSection(ProjectConfigurationPlatforms) = postSolution
		{1D4BC6DD-4A50-40E4-9F4D-E81902D6E88D}.Debug|Any CPU.ActiveCfg = Debug|Any CPU
		{1D4BC6DD-4A50-40E4-9F4D-E81902D6E88D}.Debug|Any CPU.Build.0 = Debug|Any CPU
		{1D4BC6DD-4A50-40E4-9F4D-E81902D6E88D}.Release|Any CPU.ActiveCfg = Release|Any CPU
		{1D4BC6DD-4A50-40E4-9F4D-E81902D6E88D}.Release|Any CPU.Build.0 = Release|Any CPU
	EndGlobalSection
	GlobalSection(SolutionProperties) = preSolution
		HideSolutionNode = FALSE
	EndGlobalSection
	GlobalSection(ExtensibilityGlobals) = postSolution
		SolutionGuid = {966BA7F4-8731-460C-AE3A-5219EB6EFB1B}
	EndGlobalSection
EndGlobal
